
Microsoft Visual Studio Solution File, Format Version 12.00
# Visual Studio 2013
VisualStudioVersion = 12.0.31101.0
MinimumVisualStudioVersion = 10.0.40219.1
Project("{FAE04EC0-301F-11D3-BF4B-00C04F79EFBC}") = "CoolGame", "CoolGame\CoolGame\CoolGame.csproj", "{6ABA85C3-FEB0-441F-83C9-EE5D739F1EF1}"
EndProject
Project("{FAE04EC0-301F-11D3-BF4B-00C04F79EFBC}") = "CoolGameContent", "CoolGame\CoolGameContent\CoolGameContent.contentproj", "{C434F30B-3C3F-4E08-82DC-53CF985E8475}"
EndProject
Project("{FAE04EC0-301F-11D3-BF4B-00C04F79EFBC}") = "BasicTile", "BasicTile\BasicTile\BasicTile.csproj", "{4875D342-42B3-422A-85EF-960B41493059}"
EndProject
Project("{FAE04EC0-301F-11D3-BF4B-00C04F79EFBC}") = "BasicTileContent", "BasicTile\BasicTileContent\BasicTileContent.contentproj", "{C7D9A03B-CFBF-47C0-903B-86CB0096D7B7}"
EndProject
Project("{FAE04EC0-301F-11D3-BF4B-00C04F79EFBC}") = "BasicTileEngineMono", "BasicTileEngineMono\BasicTileEngineMono.csproj", "{661E1B5E-01A4-488A-A2A7-7BCBEC984271}"
EndProject
Project("{FAE04EC0-301F-11D3-BF4B-00C04F79EFBC}") = "BasicTileEngineMonoContent", "BasicTileEngineMonoContent\BasicTileEngineMonoContent\BasicTileEngineMonoContent.csproj", "{205F7E7E-54A4-455B-985F-DB04532D9AC5}"
EndProject
Project("{96E2B04D-8817-42C6-938A-82C39BA4D311}") = "BasicTileEngineMonoContentContent", "BasicTileEngineMonoContent\BasicTileEngineMonoContentContent\BasicTileEngineMonoContentContent.contentproj", "{5FD8F1E6-12B8-48ED-9461-5C8AF2509E95}"
EndProject
Global
	GlobalSection(SolutionConfigurationPlatforms) = preSolution
		Android|Any CPU = Android|Any CPU
		Android|Mixed Platforms = Android|Mixed Platforms
		Android|x86 = Android|x86
		Debug|Any CPU = Debug|Any CPU
		Debug|Mixed Platforms = Debug|Mixed Platforms
		Debug|x86 = Debug|x86
		iOS|Any CPU = iOS|Any CPU
		iOS|Mixed Platforms = iOS|Mixed Platforms
		iOS|x86 = iOS|x86
		Linux|Any CPU = Linux|Any CPU
		Linux|Mixed Platforms = Linux|Mixed Platforms
		Linux|x86 = Linux|x86
		OSX|Any CPU = OSX|Any CPU
		OSX|Mixed Platforms = OSX|Mixed Platforms
		OSX|x86 = OSX|x86
		PSM|Any CPU = PSM|Any CPU
		PSM|Mixed Platforms = PSM|Mixed Platforms
		PSM|x86 = PSM|x86
		Release|Any CPU = Release|Any CPU
		Release|Mixed Platforms = Release|Mixed Platforms
		Release|x86 = Release|x86
		Windows|Any CPU = Windows|Any CPU
		Windows|Mixed Platforms = Windows|Mixed Platforms
		Windows|x86 = Windows|x86
		Windows8|Any CPU = Windows8|Any CPU
		Windows8|Mixed Platforms = Windows8|Mixed Platforms
		Windows8|x86 = Windows8|x86
	EndGlobalSection
	GlobalSection(ProjectConfigurationPlatforms) = postSolution
		{6ABA85C3-FEB0-441F-83C9-EE5D739F1EF1}.Android|Any CPU.ActiveCfg = Release|x86
		{6ABA85C3-FEB0-441F-83C9-EE5D739F1EF1}.Android|Mixed Platforms.ActiveCfg = Release|x86
		{6ABA85C3-FEB0-441F-83C9-EE5D739F1EF1}.Android|Mixed Platforms.Build.0 = Release|x86
		{6ABA85C3-FEB0-441F-83C9-EE5D739F1EF1}.Android|x86.ActiveCfg = Release|x86
		{6ABA85C3-FEB0-441F-83C9-EE5D739F1EF1}.Android|x86.Build.0 = Release|x86
		{6ABA85C3-FEB0-441F-83C9-EE5D739F1EF1}.Debug|Any CPU.ActiveCfg = Debug|x86
		{6ABA85C3-FEB0-441F-83C9-EE5D739F1EF1}.Debug|Mixed Platforms.ActiveCfg = Debug|x86
		{6ABA85C3-FEB0-441F-83C9-EE5D739F1EF1}.Debug|Mixed Platforms.Build.0 = Debug|x86
		{6ABA85C3-FEB0-441F-83C9-EE5D739F1EF1}.Debug|x86.ActiveCfg = Debug|x86
		{6ABA85C3-FEB0-441F-83C9-EE5D739F1EF1}.Debug|x86.Build.0 = Debug|x86
		{6ABA85C3-FEB0-441F-83C9-EE5D739F1EF1}.iOS|Any CPU.ActiveCfg = Release|x86
		{6ABA85C3-FEB0-441F-83C9-EE5D739F1EF1}.iOS|Mixed Platforms.ActiveCfg = Release|x86
		{6ABA85C3-FEB0-441F-83C9-EE5D739F1EF1}.iOS|Mixed Platforms.Build.0 = Release|x86
		{6ABA85C3-FEB0-441F-83C9-EE5D739F1EF1}.iOS|x86.ActiveCfg = Release|x86
		{6ABA85C3-FEB0-441F-83C9-EE5D739F1EF1}.iOS|x86.Build.0 = Release|x86
		{6ABA85C3-FEB0-441F-83C9-EE5D739F1EF1}.Linux|Any CPU.ActiveCfg = Release|x86
		{6ABA85C3-FEB0-441F-83C9-EE5D739F1EF1}.Linux|Mixed Platforms.ActiveCfg = Release|x86
		{6ABA85C3-FEB0-441F-83C9-EE5D739F1EF1}.Linux|Mixed Platforms.Build.0 = Release|x86
		{6ABA85C3-FEB0-441F-83C9-EE5D739F1EF1}.Linux|x86.ActiveCfg = Release|x86
		{6ABA85C3-FEB0-441F-83C9-EE5D739F1EF1}.Linux|x86.Build.0 = Release|x86
		{6ABA85C3-FEB0-441F-83C9-EE5D739F1EF1}.OSX|Any CPU.ActiveCfg = Release|x86
		{6ABA85C3-FEB0-441F-83C9-EE5D739F1EF1}.OSX|Mixed Platforms.ActiveCfg = Release|x86
		{6ABA85C3-FEB0-441F-83C9-EE5D739F1EF1}.OSX|Mixed Platforms.Build.0 = Release|x86
		{6ABA85C3-FEB0-441F-83C9-EE5D739F1EF1}.OSX|x86.ActiveCfg = Release|x86
		{6ABA85C3-FEB0-441F-83C9-EE5D739F1EF1}.OSX|x86.Build.0 = Release|x86
		{6ABA85C3-FEB0-441F-83C9-EE5D739F1EF1}.PSM|Any CPU.ActiveCfg = Release|x86
		{6ABA85C3-FEB0-441F-83C9-EE5D739F1EF1}.PSM|Mixed Platforms.ActiveCfg = Release|x86
		{6ABA85C3-FEB0-441F-83C9-EE5D739F1EF1}.PSM|Mixed Platforms.Build.0 = Release|x86
		{6ABA85C3-FEB0-441F-83C9-EE5D739F1EF1}.PSM|x86.ActiveCfg = Release|x86
		{6ABA85C3-FEB0-441F-83C9-EE5D739F1EF1}.PSM|x86.Build.0 = Release|x86
		{6ABA85C3-FEB0-441F-83C9-EE5D739F1EF1}.Release|Any CPU.ActiveCfg = Release|x86
		{6ABA85C3-FEB0-441F-83C9-EE5D739F1EF1}.Release|Mixed Platforms.ActiveCfg = Release|x86
		{6ABA85C3-FEB0-441F-83C9-EE5D739F1EF1}.Release|Mixed Platforms.Build.0 = Release|x86
		{6ABA85C3-FEB0-441F-83C9-EE5D739F1EF1}.Release|x86.ActiveCfg = Release|x86
		{6ABA85C3-FEB0-441F-83C9-EE5D739F1EF1}.Release|x86.Build.0 = Release|x86
		{6ABA85C3-FEB0-441F-83C9-EE5D739F1EF1}.Windows|Any CPU.ActiveCfg = Release|x86
		{6ABA85C3-FEB0-441F-83C9-EE5D739F1EF1}.Windows|Mixed Platforms.ActiveCfg = Release|x86
		{6ABA85C3-FEB0-441F-83C9-EE5D739F1EF1}.Windows|Mixed Platforms.Build.0 = Release|x86
		{6ABA85C3-FEB0-441F-83C9-EE5D739F1EF1}.Windows|x86.ActiveCfg = Release|x86
		{6ABA85C3-FEB0-441F-83C9-EE5D739F1EF1}.Windows|x86.Build.0 = Release|x86
		{6ABA85C3-FEB0-441F-83C9-EE5D739F1EF1}.Windows8|Any CPU.ActiveCfg = Release|x86
		{6ABA85C3-FEB0-441F-83C9-EE5D739F1EF1}.Windows8|Mixed Platforms.ActiveCfg = Release|x86
		{6ABA85C3-FEB0-441F-83C9-EE5D739F1EF1}.Windows8|Mixed Platforms.Build.0 = Release|x86
		{6ABA85C3-FEB0-441F-83C9-EE5D739F1EF1}.Windows8|x86.ActiveCfg = Release|x86
		{6ABA85C3-FEB0-441F-83C9-EE5D739F1EF1}.Windows8|x86.Build.0 = Release|x86
		{C434F30B-3C3F-4E08-82DC-53CF985E8475}.Android|Any CPU.ActiveCfg = Release|x86
		{C434F30B-3C3F-4E08-82DC-53CF985E8475}.Android|Mixed Platforms.ActiveCfg = Release|x86
		{C434F30B-3C3F-4E08-82DC-53CF985E8475}.Android|x86.ActiveCfg = Release|x86
		{C434F30B-3C3F-4E08-82DC-53CF985E8475}.Debug|Any CPU.ActiveCfg = Debug|x86
		{C434F30B-3C3F-4E08-82DC-53CF985E8475}.Debug|Mixed Platforms.ActiveCfg = Debug|x86
		{C434F30B-3C3F-4E08-82DC-53CF985E8475}.Debug|x86.ActiveCfg = Debug|x86
		{C434F30B-3C3F-4E08-82DC-53CF985E8475}.iOS|Any CPU.ActiveCfg = Release|x86
		{C434F30B-3C3F-4E08-82DC-53CF985E8475}.iOS|Mixed Platforms.ActiveCfg = Release|x86
		{C434F30B-3C3F-4E08-82DC-53CF985E8475}.iOS|x86.ActiveCfg = Release|x86
		{C434F30B-3C3F-4E08-82DC-53CF985E8475}.Linux|Any CPU.ActiveCfg = Release|x86
		{C434F30B-3C3F-4E08-82DC-53CF985E8475}.Linux|Mixed Platforms.ActiveCfg = Release|x86
		{C434F30B-3C3F-4E08-82DC-53CF985E8475}.Linux|x86.ActiveCfg = Release|x86
		{C434F30B-3C3F-4E08-82DC-53CF985E8475}.OSX|Any CPU.ActiveCfg = Release|x86
		{C434F30B-3C3F-4E08-82DC-53CF985E8475}.OSX|Mixed Platforms.ActiveCfg = Release|x86
		{C434F30B-3C3F-4E08-82DC-53CF985E8475}.OSX|x86.ActiveCfg = Release|x86
		{C434F30B-3C3F-4E08-82DC-53CF985E8475}.PSM|Any CPU.ActiveCfg = Release|x86
		{C434F30B-3C3F-4E08-82DC-53CF985E8475}.PSM|Mixed Platforms.ActiveCfg = Release|x86
		{C434F30B-3C3F-4E08-82DC-53CF985E8475}.PSM|x86.ActiveCfg = Release|x86
		{C434F30B-3C3F-4E08-82DC-53CF985E8475}.Release|Any CPU.ActiveCfg = Release|x86
		{C434F30B-3C3F-4E08-82DC-53CF985E8475}.Release|Mixed Platforms.ActiveCfg = Release|x86
		{C434F30B-3C3F-4E08-82DC-53CF985E8475}.Release|x86.ActiveCfg = Release|x86
		{C434F30B-3C3F-4E08-82DC-53CF985E8475}.Windows|Any CPU.ActiveCfg = Release|x86
		{C434F30B-3C3F-4E08-82DC-53CF985E8475}.Windows|Mixed Platforms.ActiveCfg = Release|x86
		{C434F30B-3C3F-4E08-82DC-53CF985E8475}.Windows|x86.ActiveCfg = Release|x86
		{C434F30B-3C3F-4E08-82DC-53CF985E8475}.Windows8|Any CPU.ActiveCfg = Release|x86
		{C434F30B-3C3F-4E08-82DC-53CF985E8475}.Windows8|Mixed Platforms.ActiveCfg = Release|x86
		{C434F30B-3C3F-4E08-82DC-53CF985E8475}.Windows8|x86.ActiveCfg = Release|x86
		{4875D342-42B3-422A-85EF-960B41493059}.Android|Any CPU.ActiveCfg = Release|x86
		{4875D342-42B3-422A-85EF-960B41493059}.Android|Mixed Platforms.ActiveCfg = Release|x86
		{4875D342-42B3-422A-85EF-960B41493059}.Android|Mixed Platforms.Build.0 = Release|x86
		{4875D342-42B3-422A-85EF-960B41493059}.Android|x86.ActiveCfg = Release|x86
		{4875D342-42B3-422A-85EF-960B41493059}.Android|x86.Build.0 = Release|x86
		{4875D342-42B3-422A-85EF-960B41493059}.Debug|Any CPU.ActiveCfg = Debug|x86
		{4875D342-42B3-422A-85EF-960B41493059}.Debug|Mixed Platforms.ActiveCfg = Debug|x86
		{4875D342-42B3-422A-85EF-960B41493059}.Debug|Mixed Platforms.Build.0 = Debug|x86
		{4875D342-42B3-422A-85EF-960B41493059}.Debug|x86.ActiveCfg = Debug|x86
		{4875D342-42B3-422A-85EF-960B41493059}.Debug|x86.Build.0 = Debug|x86
		{4875D342-42B3-422A-85EF-960B41493059}.iOS|Any CPU.ActiveCfg = Release|x86
		{4875D342-42B3-422A-85EF-960B41493059}.iOS|Mixed Platforms.ActiveCfg = Release|x86
		{4875D342-42B3-422A-85EF-960B41493059}.iOS|Mixed Platforms.Build.0 = Release|x86
		{4875D342-42B3-422A-85EF-960B41493059}.iOS|x86.ActiveCfg = Release|x86
		{4875D342-42B3-422A-85EF-960B41493059}.iOS|x86.Build.0 = Release|x86
		{4875D342-42B3-422A-85EF-960B41493059}.Linux|Any CPU.ActiveCfg = Release|x86
		{4875D342-42B3-422A-85EF-960B41493059}.Linux|Mixed Platforms.ActiveCfg = Release|x86
		{4875D342-42B3-422A-85EF-960B41493059}.Linux|Mixed Platforms.Build.0 = Release|x86
		{4875D342-42B3-422A-85EF-960B41493059}.Linux|x86.ActiveCfg = Release|x86
		{4875D342-42B3-422A-85EF-960B41493059}.Linux|x86.Build.0 = Release|x86
		{4875D342-42B3-422A-85EF-960B41493059}.OSX|Any CPU.ActiveCfg = Release|x86
		{4875D342-42B3-422A-85EF-960B41493059}.OSX|Mixed Platforms.ActiveCfg = Release|x86
		{4875D342-42B3-422A-85EF-960B41493059}.OSX|Mixed Platforms.Build.0 = Release|x86
		{4875D342-42B3-422A-85EF-960B41493059}.OSX|x86.ActiveCfg = Release|x86
		{4875D342-42B3-422A-85EF-960B41493059}.OSX|x86.Build.0 = Release|x86
		{4875D342-42B3-422A-85EF-960B41493059}.PSM|Any CPU.ActiveCfg = Release|x86
		{4875D342-42B3-422A-85EF-960B41493059}.PSM|Mixed Platforms.ActiveCfg = Release|x86
		{4875D342-42B3-422A-85EF-960B41493059}.PSM|Mixed Platforms.Build.0 = Release|x86
		{4875D342-42B3-422A-85EF-960B41493059}.PSM|x86.ActiveCfg = Release|x86
		{4875D342-42B3-422A-85EF-960B41493059}.PSM|x86.Build.0 = Release|x86
		{4875D342-42B3-422A-85EF-960B41493059}.Release|Any CPU.ActiveCfg = Release|x86
		{4875D342-42B3-422A-85EF-960B41493059}.Release|Mixed Platforms.ActiveCfg = Release|x86
		{4875D342-42B3-422A-85EF-960B41493059}.Release|Mixed Platforms.Build.0 = Release|x86
		{4875D342-42B3-422A-85EF-960B41493059}.Release|x86.ActiveCfg = Release|x86
		{4875D342-42B3-422A-85EF-960B41493059}.Release|x86.Build.0 = Release|x86
		{4875D342-42B3-422A-85EF-960B41493059}.Windows|Any CPU.ActiveCfg = Release|x86
		{4875D342-42B3-422A-85EF-960B41493059}.Windows|Mixed Platforms.ActiveCfg = Release|x86
		{4875D342-42B3-422A-85EF-960B41493059}.Windows|Mixed Platforms.Build.0 = Release|x86
		{4875D342-42B3-422A-85EF-960B41493059}.Windows|x86.ActiveCfg = Release|x86
		{4875D342-42B3-422A-85EF-960B41493059}.Windows|x86.Build.0 = Release|x86
		{4875D342-42B3-422A-85EF-960B41493059}.Windows8|Any CPU.ActiveCfg = Release|x86
		{4875D342-42B3-422A-85EF-960B41493059}.Windows8|Mixed Platforms.ActiveCfg = Release|x86
		{4875D342-42B3-422A-85EF-960B41493059}.Windows8|Mixed Platforms.Build.0 = Release|x86
		{4875D342-42B3-422A-85EF-960B41493059}.Windows8|x86.ActiveCfg = Release|x86
		{4875D342-42B3-422A-85EF-960B41493059}.Windows8|x86.Build.0 = Release|x86
		{C7D9A03B-CFBF-47C0-903B-86CB0096D7B7}.Android|Any CPU.ActiveCfg = Release|x86
		{C7D9A03B-CFBF-47C0-903B-86CB0096D7B7}.Android|Mixed Platforms.ActiveCfg = Release|x86
		{C7D9A03B-CFBF-47C0-903B-86CB0096D7B7}.Android|x86.ActiveCfg = Release|x86
		{C7D9A03B-CFBF-47C0-903B-86CB0096D7B7}.Debug|Any CPU.ActiveCfg = Debug|x86
		{C7D9A03B-CFBF-47C0-903B-86CB0096D7B7}.Debug|Mixed Platforms.ActiveCfg = Debug|x86
		{C7D9A03B-CFBF-47C0-903B-86CB0096D7B7}.Debug|x86.ActiveCfg = Debug|x86
		{C7D9A03B-CFBF-47C0-903B-86CB0096D7B7}.iOS|Any CPU.ActiveCfg = Release|x86
		{C7D9A03B-CFBF-47C0-903B-86CB0096D7B7}.iOS|Mixed Platforms.ActiveCfg = Release|x86
		{C7D9A03B-CFBF-47C0-903B-86CB0096D7B7}.iOS|x86.ActiveCfg = Release|x86
		{C7D9A03B-CFBF-47C0-903B-86CB0096D7B7}.Linux|Any CPU.ActiveCfg = Release|x86
		{C7D9A03B-CFBF-47C0-903B-86CB0096D7B7}.Linux|Mixed Platforms.ActiveCfg = Release|x86
		{C7D9A03B-CFBF-47C0-903B-86CB0096D7B7}.Linux|x86.ActiveCfg = Release|x86
		{C7D9A03B-CFBF-47C0-903B-86CB0096D7B7}.OSX|Any CPU.ActiveCfg = Release|x86
		{C7D9A03B-CFBF-47C0-903B-86CB0096D7B7}.OSX|Mixed Platforms.ActiveCfg = Release|x86
		{C7D9A03B-CFBF-47C0-903B-86CB0096D7B7}.OSX|x86.ActiveCfg = Release|x86
		{C7D9A03B-CFBF-47C0-903B-86CB0096D7B7}.PSM|Any CPU.ActiveCfg = Release|x86
		{C7D9A03B-CFBF-47C0-903B-86CB0096D7B7}.PSM|Mixed Platforms.ActiveCfg = Release|x86
		{C7D9A03B-CFBF-47C0-903B-86CB0096D7B7}.PSM|x86.ActiveCfg = Release|x86
		{C7D9A03B-CFBF-47C0-903B-86CB0096D7B7}.Release|Any CPU.ActiveCfg = Release|x86
		{C7D9A03B-CFBF-47C0-903B-86CB0096D7B7}.Release|Mixed Platforms.ActiveCfg = Release|x86
		{C7D9A03B-CFBF-47C0-903B-86CB0096D7B7}.Release|x86.ActiveCfg = Release|x86
		{C7D9A03B-CFBF-47C0-903B-86CB0096D7B7}.Windows|Any CPU.ActiveCfg = Release|x86
		{C7D9A03B-CFBF-47C0-903B-86CB0096D7B7}.Windows|Mixed Platforms.ActiveCfg = Release|x86
		{C7D9A03B-CFBF-47C0-903B-86CB0096D7B7}.Windows|x86.ActiveCfg = Release|x86
		{C7D9A03B-CFBF-47C0-903B-86CB0096D7B7}.Windows8|Any CPU.ActiveCfg = Release|x86
		{C7D9A03B-CFBF-47C0-903B-86CB0096D7B7}.Windows8|Mixed Platforms.ActiveCfg = Release|x86
		{C7D9A03B-CFBF-47C0-903B-86CB0096D7B7}.Windows8|x86.ActiveCfg = Release|x86
		{661E1B5E-01A4-488A-A2A7-7BCBEC984271}.Android|Any CPU.ActiveCfg = Release|x86
		{661E1B5E-01A4-488A-A2A7-7BCBEC984271}.Android|Mixed Platforms.ActiveCfg = Release|x86
		{661E1B5E-01A4-488A-A2A7-7BCBEC984271}.Android|Mixed Platforms.Build.0 = Release|x86
		{661E1B5E-01A4-488A-A2A7-7BCBEC984271}.Android|x86.ActiveCfg = Release|x86
		{661E1B5E-01A4-488A-A2A7-7BCBEC984271}.Android|x86.Build.0 = Release|x86
		{661E1B5E-01A4-488A-A2A7-7BCBEC984271}.Debug|Any CPU.ActiveCfg = Debug|x86
		{661E1B5E-01A4-488A-A2A7-7BCBEC984271}.Debug|Mixed Platforms.ActiveCfg = Debug|x86
		{661E1B5E-01A4-488A-A2A7-7BCBEC984271}.Debug|Mixed Platforms.Build.0 = Debug|x86
		{661E1B5E-01A4-488A-A2A7-7BCBEC984271}.Debug|x86.ActiveCfg = Debug|x86
		{661E1B5E-01A4-488A-A2A7-7BCBEC984271}.Debug|x86.Build.0 = Debug|x86
		{661E1B5E-01A4-488A-A2A7-7BCBEC984271}.iOS|Any CPU.ActiveCfg = Release|x86
		{661E1B5E-01A4-488A-A2A7-7BCBEC984271}.iOS|Mixed Platforms.ActiveCfg = Release|x86
		{661E1B5E-01A4-488A-A2A7-7BCBEC984271}.iOS|Mixed Platforms.Build.0 = Release|x86
		{661E1B5E-01A4-488A-A2A7-7BCBEC984271}.iOS|x86.ActiveCfg = Release|x86
		{661E1B5E-01A4-488A-A2A7-7BCBEC984271}.iOS|x86.Build.0 = Release|x86
		{661E1B5E-01A4-488A-A2A7-7BCBEC984271}.Linux|Any CPU.ActiveCfg = Release|x86
		{661E1B5E-01A4-488A-A2A7-7BCBEC984271}.Linux|Mixed Platforms.ActiveCfg = Release|x86
		{661E1B5E-01A4-488A-A2A7-7BCBEC984271}.Linux|Mixed Platforms.Build.0 = Release|x86
		{661E1B5E-01A4-488A-A2A7-7BCBEC984271}.Linux|x86.ActiveCfg = Release|x86
		{661E1B5E-01A4-488A-A2A7-7BCBEC984271}.Linux|x86.Build.0 = Release|x86
		{661E1B5E-01A4-488A-A2A7-7BCBEC984271}.OSX|Any CPU.ActiveCfg = Release|x86
		{661E1B5E-01A4-488A-A2A7-7BCBEC984271}.OSX|Mixed Platforms.ActiveCfg = Release|x86
		{661E1B5E-01A4-488A-A2A7-7BCBEC984271}.OSX|Mixed Platforms.Build.0 = Release|x86
		{661E1B5E-01A4-488A-A2A7-7BCBEC984271}.OSX|x86.ActiveCfg = Release|x86
		{661E1B5E-01A4-488A-A2A7-7BCBEC984271}.OSX|x86.Build.0 = Release|x86
		{661E1B5E-01A4-488A-A2A7-7BCBEC984271}.PSM|Any CPU.ActiveCfg = Release|x86
		{661E1B5E-01A4-488A-A2A7-7BCBEC984271}.PSM|Mixed Platforms.ActiveCfg = Release|x86
		{661E1B5E-01A4-488A-A2A7-7BCBEC984271}.PSM|Mixed Platforms.Build.0 = Release|x86
		{661E1B5E-01A4-488A-A2A7-7BCBEC984271}.PSM|x86.ActiveCfg = Release|x86
		{661E1B5E-01A4-488A-A2A7-7BCBEC984271}.PSM|x86.Build.0 = Release|x86
		{661E1B5E-01A4-488A-A2A7-7BCBEC984271}.Release|Any CPU.ActiveCfg = Release|x86
		{661E1B5E-01A4-488A-A2A7-7BCBEC984271}.Release|Mixed Platforms.ActiveCfg = Release|x86
		{661E1B5E-01A4-488A-A2A7-7BCBEC984271}.Release|Mixed Platforms.Build.0 = Release|x86
		{661E1B5E-01A4-488A-A2A7-7BCBEC984271}.Release|x86.ActiveCfg = Release|x86
		{661E1B5E-01A4-488A-A2A7-7BCBEC984271}.Release|x86.Build.0 = Release|x86
		{661E1B5E-01A4-488A-A2A7-7BCBEC984271}.Windows|Any CPU.ActiveCfg = Release|x86
		{661E1B5E-01A4-488A-A2A7-7BCBEC984271}.Windows|Mixed Platforms.ActiveCfg = Release|x86
		{661E1B5E-01A4-488A-A2A7-7BCBEC984271}.Windows|Mixed Platforms.Build.0 = Release|x86
		{661E1B5E-01A4-488A-A2A7-7BCBEC984271}.Windows|x86.ActiveCfg = Release|x86
		{661E1B5E-01A4-488A-A2A7-7BCBEC984271}.Windows|x86.Build.0 = Release|x86
		{661E1B5E-01A4-488A-A2A7-7BCBEC984271}.Windows8|Any CPU.ActiveCfg = Release|x86
		{661E1B5E-01A4-488A-A2A7-7BCBEC984271}.Windows8|Mixed Platforms.ActiveCfg = Release|x86
		{661E1B5E-01A4-488A-A2A7-7BCBEC984271}.Windows8|Mixed Platforms.Build.0 = Release|x86
		{661E1B5E-01A4-488A-A2A7-7BCBEC984271}.Windows8|x86.ActiveCfg = Release|x86
		{661E1B5E-01A4-488A-A2A7-7BCBEC984271}.Windows8|x86.Build.0 = Release|x86
		{205F7E7E-54A4-455B-985F-DB04532D9AC5}.Android|Any CPU.ActiveCfg = Android|Any CPU
		{205F7E7E-54A4-455B-985F-DB04532D9AC5}.Android|Any CPU.Build.0 = Android|Any CPU
		{205F7E7E-54A4-455B-985F-DB04532D9AC5}.Android|Mixed Platforms.ActiveCfg = Android|Any CPU
		{205F7E7E-54A4-455B-985F-DB04532D9AC5}.Android|Mixed Platforms.Build.0 = Android|Any CPU
		{205F7E7E-54A4-455B-985F-DB04532D9AC5}.Android|x86.ActiveCfg = Android|Any CPU
		{205F7E7E-54A4-455B-985F-DB04532D9AC5}.Debug|Any CPU.ActiveCfg = PSM|Any CPU
		{205F7E7E-54A4-455B-985F-DB04532D9AC5}.Debug|Any CPU.Build.0 = PSM|Any CPU
		{205F7E7E-54A4-455B-985F-DB04532D9AC5}.Debug|Mixed Platforms.ActiveCfg = PSM|Any CPU
		{205F7E7E-54A4-455B-985F-DB04532D9AC5}.Debug|Mixed Platforms.Build.0 = PSM|Any CPU
		{205F7E7E-54A4-455B-985F-DB04532D9AC5}.Debug|x86.ActiveCfg = PSM|Any CPU
		{205F7E7E-54A4-455B-985F-DB04532D9AC5}.iOS|Any CPU.ActiveCfg = iOS|Any CPU
		{205F7E7E-54A4-455B-985F-DB04532D9AC5}.iOS|Any CPU.Build.0 = iOS|Any CPU
		{205F7E7E-54A4-455B-985F-DB04532D9AC5}.iOS|Mixed Platforms.ActiveCfg = iOS|Any CPU
		{205F7E7E-54A4-455B-985F-DB04532D9AC5}.iOS|Mixed Platforms.Build.0 = iOS|Any CPU
		{205F7E7E-54A4-455B-985F-DB04532D9AC5}.iOS|x86.ActiveCfg = iOS|Any CPU
		{205F7E7E-54A4-455B-985F-DB04532D9AC5}.Linux|Any CPU.ActiveCfg = Linux|Any CPU
		{205F7E7E-54A4-455B-985F-DB04532D9AC5}.Linux|Any CPU.Build.0 = Linux|Any CPU
		{205F7E7E-54A4-455B-985F-DB04532D9AC5}.Linux|Mixed Platforms.ActiveCfg = Linux|Any CPU
		{205F7E7E-54A4-455B-985F-DB04532D9AC5}.Linux|Mixed Platforms.Build.0 = Linux|Any CPU
		{205F7E7E-54A4-455B-985F-DB04532D9AC5}.Linux|x86.ActiveCfg = Linux|Any CPU
		{205F7E7E-54A4-455B-985F-DB04532D9AC5}.OSX|Any CPU.ActiveCfg = OSX|Any CPU
		{205F7E7E-54A4-455B-985F-DB04532D9AC5}.OSX|Any CPU.Build.0 = OSX|Any CPU
		{205F7E7E-54A4-455B-985F-DB04532D9AC5}.OSX|Mixed Platforms.ActiveCfg = OSX|Any CPU
		{205F7E7E-54A4-455B-985F-DB04532D9AC5}.OSX|Mixed Platforms.Build.0 = OSX|Any CPU
		{205F7E7E-54A4-455B-985F-DB04532D9AC5}.OSX|x86.ActiveCfg = OSX|Any CPU
		{205F7E7E-54A4-455B-985F-DB04532D9AC5}.PSM|Any CPU.ActiveCfg = PSM|Any CPU
		{205F7E7E-54A4-455B-985F-DB04532D9AC5}.PSM|Any CPU.Build.0 = PSM|Any CPU
		{205F7E7E-54A4-455B-985F-DB04532D9AC5}.PSM|Mixed Platforms.ActiveCfg = PSM|Any CPU
		{205F7E7E-54A4-455B-985F-DB04532D9AC5}.PSM|Mixed Platforms.Build.0 = PSM|Any CPU
		{205F7E7E-54A4-455B-985F-DB04532D9AC5}.PSM|x86.ActiveCfg = PSM|Any CPU
		{205F7E7E-54A4-455B-985F-DB04532D9AC5}.Release|Any CPU.ActiveCfg = PSM|Any CPU
		{205F7E7E-54A4-455B-985F-DB04532D9AC5}.Release|Any CPU.Build.0 = PSM|Any CPU
		{205F7E7E-54A4-455B-985F-DB04532D9AC5}.Release|Mixed Platforms.ActiveCfg = PSM|Any CPU
		{205F7E7E-54A4-455B-985F-DB04532D9AC5}.Release|Mixed Platforms.Build.0 = PSM|Any CPU
		{205F7E7E-54A4-455B-985F-DB04532D9AC5}.Release|x86.ActiveCfg = PSM|Any CPU
		{205F7E7E-54A4-455B-985F-DB04532D9AC5}.Windows|Any CPU.ActiveCfg = Windows|Any CPU
		{205F7E7E-54A4-455B-985F-DB04532D9AC5}.Windows|Any CPU.Build.0 = Windows|Any CPU
		{205F7E7E-54A4-455B-985F-DB04532D9AC5}.Windows|Mixed Platforms.ActiveCfg = Windows|Any CPU
		{205F7E7E-54A4-455B-985F-DB04532D9AC5}.Windows|Mixed Platforms.Build.0 = Windows|Any CPU
		{205F7E7E-54A4-455B-985F-DB04532D9AC5}.Windows|x86.ActiveCfg = Windows|Any CPU
		{205F7E7E-54A4-455B-985F-DB04532D9AC5}.Windows8|Any CPU.ActiveCfg = Windows8|Any CPU
		{205F7E7E-54A4-455B-985F-DB04532D9AC5}.Windows8|Any CPU.Build.0 = Windows8|Any CPU
		{205F7E7E-54A4-455B-985F-DB04532D9AC5}.Windows8|Mixed Platforms.ActiveCfg = Windows8|Any CPU
		{205F7E7E-54A4-455B-985F-DB04532D9AC5}.Windows8|Mixed Platforms.Build.0 = Windows8|Any CPU
		{205F7E7E-54A4-455B-985F-DB04532D9AC5}.Windows8|x86.ActiveCfg = Windows8|Any CPU
		{5FD8F1E6-12B8-48ED-9461-5C8AF2509E95}.Android|Any CPU.ActiveCfg = Android|Any CPU
		{5FD8F1E6-12B8-48ED-9461-5C8AF2509E95}.Android|Mixed Platforms.ActiveCfg = Android|Any CPU
		{5FD8F1E6-12B8-48ED-9461-5C8AF2509E95}.Android|x86.ActiveCfg = Android|Any CPU
		{5FD8F1E6-12B8-48ED-9461-5C8AF2509E95}.Debug|Any CPU.ActiveCfg = PSM|Any CPU
		{5FD8F1E6-12B8-48ED-9461-5C8AF2509E95}.Debug|Mixed Platforms.ActiveCfg = PSM|Any CPU
		{5FD8F1E6-12B8-48ED-9461-5C8AF2509E95}.Debug|x86.ActiveCfg = PSM|Any CPU
		{5FD8F1E6-12B8-48ED-9461-5C8AF2509E95}.iOS|Any CPU.ActiveCfg = iOS|Any CPU
		{5FD8F1E6-12B8-48ED-9461-5C8AF2509E95}.iOS|Mixed Platforms.ActiveCfg = iOS|Any CPU
		{5FD8F1E6-12B8-48ED-9461-5C8AF2509E95}.iOS|x86.ActiveCfg = iOS|Any CPU
		{5FD8F1E6-12B8-48ED-9461-5C8AF2509E95}.Linux|Any CPU.ActiveCfg = Linux|Any CPU
		{5FD8F1E6-12B8-48ED-9461-5C8AF2509E95}.Linux|Mixed Platforms.ActiveCfg = Linux|Any CPU
		{5FD8F1E6-12B8-48ED-9461-5C8AF2509E95}.Linux|x86.ActiveCfg = Linux|Any CPU
		{5FD8F1E6-12B8-48ED-9461-5C8AF2509E95}.OSX|Any CPU.ActiveCfg = OSX|Any CPU
		{5FD8F1E6-12B8-48ED-9461-5C8AF2509E95}.OSX|Mixed Platforms.ActiveCfg = OSX|Any CPU
		{5FD8F1E6-12B8-48ED-9461-5C8AF2509E95}.OSX|x86.ActiveCfg = OSX|Any CPU
		{5FD8F1E6-12B8-48ED-9461-5C8AF2509E95}.PSM|Any CPU.ActiveCfg = PSM|Any CPU
		{5FD8F1E6-12B8-48ED-9461-5C8AF2509E95}.PSM|Mixed Platforms.ActiveCfg = PSM|Any CPU
		{5FD8F1E6-12B8-48ED-9461-5C8AF2509E95}.PSM|x86.ActiveCfg = PSM|Any CPU
		{5FD8F1E6-12B8-48ED-9461-5C8AF2509E95}.Release|Any CPU.ActiveCfg = PSM|Any CPU
		{5FD8F1E6-12B8-48ED-9461-5C8AF2509E95}.Release|Mixed Platforms.ActiveCfg = PSM|Any CPU
		{5FD8F1E6-12B8-48ED-9461-5C8AF2509E95}.Release|x86.ActiveCfg = PSM|Any CPU
		{5FD8F1E6-12B8-48ED-9461-5C8AF2509E95}.Windows|Any CPU.ActiveCfg = Windows|Any CPU
		{5FD8F1E6-12B8-48ED-9461-5C8AF2509E95}.Windows|Mixed Platforms.ActiveCfg = Windows|Any CPU
		{5FD8F1E6-12B8-48ED-9461-5C8AF2509E95}.Windows|x86.ActiveCfg = Windows|Any CPU
		{5FD8F1E6-12B8-48ED-9461-5C8AF2509E95}.Windows8|Any CPU.ActiveCfg = Windows8|Any CPU
		{5FD8F1E6-12B8-48ED-9461-5C8AF2509E95}.Windows8|Mixed Platforms.ActiveCfg = Windows8|Any CPU
		{5FD8F1E6-12B8-48ED-9461-5C8AF2509E95}.Windows8|x86.ActiveCfg = Windows8|Any CPU
	EndGlobalSection
	GlobalSection(SolutionProperties) = preSolution
		HideSolutionNode = FALSE
	EndGlobalSection
EndGlobal
