
Microsoft Visual Studio Solution File, Format Version 12.00
# Visual Studio 2013
VisualStudioVersion = 12.0.31101.0
MinimumVisualStudioVersion = 10.0.40219.1
Project("{FAE04EC0-301F-11D3-BF4B-00C04F79EFBC}") = "PrefixStringProblem", "PrefixStringProblem\PrefixStringProblem.csproj", "{61823BE1-B05A-4005-AE9B-85592B9319D0}"
EndProject
Project("{FAE04EC0-301F-11D3-BF4B-00C04F79EFBC}") = "UnitTestProject1", "UnitTestProject1\UnitTestProject1.csproj", "{E932619B-F7BE-4EDF-B401-3E7AFEE72253}"
EndProject
Global
	GlobalSection(SolutionConfigurationPlatforms) = preSolution
		Debug|Any CPU = Debug|Any CPU
		Release|Any CPU = Release|Any CPU
	EndGlobalSection
	GlobalSection(ProjectConfigurationPlatforms) = postSolution
		{61823BE1-B05A-4005-AE9B-85592B9319D0}.Debug|Any CPU.ActiveCfg = Debug|Any CPU
		{61823BE1-B05A-4005-AE9B-85592B9319D0}.Debug|Any CPU.Build.0 = Debug|Any CPU
		{61823BE1-B05A-4005-AE9B-85592B9319D0}.Release|Any CPU.ActiveCfg = Release|Any CPU
		{61823BE1-B05A-4005-AE9B-85592B9319D0}.Release|Any CPU.Build.0 = Release|Any CPU
		{E932619B-F7BE-4EDF-B401-3E7AFEE72253}.Debug|Any CPU.ActiveCfg = Debug|Any CPU
		{E932619B-F7BE-4EDF-B401-3E7AFEE72253}.Debug|Any CPU.Build.0 = Debug|Any CPU
		{E932619B-F7BE-4EDF-B401-3E7AFEE72253}.Release|Any CPU.ActiveCfg = Release|Any CPU
		{E932619B-F7BE-4EDF-B401-3E7AFEE72253}.Release|Any CPU.Build.0 = Release|Any CPU
	EndGlobalSection
	GlobalSection(SolutionProperties) = preSolution
		HideSolutionNode = FALSE
	EndGlobalSection
EndGlobal
